
Microsoft Visual Studio Solution File, Format Version 12.00
# Visual Studio Version 16
VisualStudioVersion = 16.0.30804.86
MinimumVisualStudioVersion = 10.0.40219.1
Project("{FAE04EC0-301F-11D3-BF4B-00C04F79EFBC}") = "ThomasArt.Core", "ThomasArt.Core\ThomasArt.Core.csproj", "{721FEE9E-48D9-4149-B101-9B611D6B6875}"
EndProject
Project("{FAE04EC0-301F-11D3-BF4B-00C04F79EFBC}") = "ThomasArt.Services", "ThomasArt.Services\ThomasArt.Services.csproj", "{5D669478-CF5C-458F-853E-4791CA875E9E}"
EndProject
Project("{FAE04EC0-301F-11D3-BF4B-00C04F79EFBC}") = "ThomasArt.DataAccess.SQL", "ThomasArt.DataAccess.SQL\ThomasArt.DataAccess.SQL.csproj", "{3B80158F-B0A1-4854-9F75-B497F1C0168A}"
EndProject
Project("{FAE04EC0-301F-11D3-BF4B-00C04F79EFBC}") = "ThomasArt.DataAccess.InMemory", "ThomasArt.DataAccess.InMemory\ThomasArt.DataAccess.InMemory.csproj", "{F16702FE-E1A0-4234-A324-D4A6E81990A8}"
EndProject
Project("{FAE04EC0-301F-11D3-BF4B-00C04F79EFBC}") = "ThomasArt.WebUI", "ThomasArt.WebUI\ThomasArt.WebUI.csproj", "{C860C9CE-2F1A-4E56-9D36-4EC141700BD3}"
EndProject
Project("{FAE04EC0-301F-11D3-BF4B-00C04F79EFBC}") = "ThomasArt.WebUI.Tests", "ThomasArt.WebUI.Tests\ThomasArt.WebUI.Tests.csproj", "{B03FAC67-71E6-48D4-A3AF-44780CF765BE}"
EndProject
Global
	GlobalSection(SolutionConfigurationPlatforms) = preSolution
		Debug|Any CPU = Debug|Any CPU
		Release|Any CPU = Release|Any CPU
	EndGlobalSection
	GlobalSection(ProjectConfigurationPlatforms) = postSolution
		{721FEE9E-48D9-4149-B101-9B611D6B6875}.Debug|Any CPU.ActiveCfg = Debug|Any CPU
		{721FEE9E-48D9-4149-B101-9B611D6B6875}.Debug|Any CPU.Build.0 = Debug|Any CPU
		{721FEE9E-48D9-4149-B101-9B611D6B6875}.Release|Any CPU.ActiveCfg = Release|Any CPU
		{721FEE9E-48D9-4149-B101-9B611D6B6875}.Release|Any CPU.Build.0 = Release|Any CPU
		{5D669478-CF5C-458F-853E-4791CA875E9E}.Debug|Any CPU.ActiveCfg = Debug|Any CPU
		{5D669478-CF5C-458F-853E-4791CA875E9E}.Debug|Any CPU.Build.0 = Debug|Any CPU
		{5D669478-CF5C-458F-853E-4791CA875E9E}.Release|Any CPU.ActiveCfg = Release|Any CPU
		{5D669478-CF5C-458F-853E-4791CA875E9E}.Release|Any CPU.Build.0 = Release|Any CPU
		{3B80158F-B0A1-4854-9F75-B497F1C0168A}.Debug|Any CPU.ActiveCfg = Debug|Any CPU
		{3B80158F-B0A1-4854-9F75-B497F1C0168A}.Debug|Any CPU.Build.0 = Debug|Any CPU
		{3B80158F-B0A1-4854-9F75-B497F1C0168A}.Release|Any CPU.ActiveCfg = Release|Any CPU
		{3B80158F-B0A1-4854-9F75-B497F1C0168A}.Release|Any CPU.Build.0 = Release|Any CPU
		{F16702FE-E1A0-4234-A324-D4A6E81990A8}.Debug|Any CPU.ActiveCfg = Debug|Any CPU
		{F16702FE-E1A0-4234-A324-D4A6E81990A8}.Debug|Any CPU.Build.0 = Debug|Any CPU
		{F16702FE-E1A0-4234-A324-D4A6E81990A8}.Release|Any CPU.ActiveCfg = Release|Any CPU
		{F16702FE-E1A0-4234-A324-D4A6E81990A8}.Release|Any CPU.Build.0 = Release|Any CPU
		{C860C9CE-2F1A-4E56-9D36-4EC141700BD3}.Debug|Any CPU.ActiveCfg = Debug|Any CPU
		{C860C9CE-2F1A-4E56-9D36-4EC141700BD3}.Debug|Any CPU.Build.0 = Debug|Any CPU
		{C860C9CE-2F1A-4E56-9D36-4EC141700BD3}.Release|Any CPU.ActiveCfg = Release|Any CPU
		{C860C9CE-2F1A-4E56-9D36-4EC141700BD3}.Release|Any CPU.Build.0 = Release|Any CPU
		{B03FAC67-71E6-48D4-A3AF-44780CF765BE}.Debug|Any CPU.ActiveCfg = Debug|Any CPU
		{B03FAC67-71E6-48D4-A3AF-44780CF765BE}.Debug|Any CPU.Build.0 = Debug|Any CPU
		{B03FAC67-71E6-48D4-A3AF-44780CF765BE}.Release|Any CPU.ActiveCfg = Release|Any CPU
		{B03FAC67-71E6-48D4-A3AF-44780CF765BE}.Release|Any CPU.Build.0 = Release|Any CPU
	EndGlobalSection
	GlobalSection(SolutionProperties) = preSolution
		HideSolutionNode = FALSE
	EndGlobalSection
	GlobalSection(ExtensibilityGlobals) = postSolution
		SolutionGuid = {143F3628-E661-419C-8C7F-F9BFE640B5E3}
	EndGlobalSection
EndGlobal
